
Microsoft Visual Studio Solution File, Format Version 12.00
# Visual Studio Version 16
VisualStudioVersion = 16.0.28711.60
MinimumVisualStudioVersion = 10.0.40219.1
Project("{9A19103F-16F7-4668-BE54-9A1E7A4F7556}") = "MatBlazor", "MatBlazor\MatBlazor.csproj", "{A85977AA-74E8-4B65-8D0B-E8C5EB1AD749}"
EndProject
Project("{9A19103F-16F7-4668-BE54-9A1E7A4F7556}") = "MatBlazor.DevUtils", "MatBlazor.DevUtils\MatBlazor.DevUtils.csproj", "{B871BC4C-48DD-48E7-86F5-58FEAF217130}"
EndProject
Project("{9A19103F-16F7-4668-BE54-9A1E7A4F7556}") = "AbpClient.App", "AbpClient.App\AbpClient.App.csproj", "{F4B53CE6-D312-4F3B-A3DB-3C5E1CB58FA4}"
	ProjectSection(ProjectDependencies) = postProject
		{3A317437-ED70-4100-A6A7-E1B173618289} = {3A317437-ED70-4100-A6A7-E1B173618289}
	EndProjectSection
EndProject
Project("{9A19103F-16F7-4668-BE54-9A1E7A4F7556}") = "AbpClient.Shared", "AbpClient.Shared\AbpClient.Shared.csproj", "{F35F3C52-C7B0-4D15-9CCA-CC6897BFAC2C}"
	ProjectSection(ProjectDependencies) = postProject
		{B5C4E1EA-88B7-4528-BF8D-0BAC8B7EABE7} = {B5C4E1EA-88B7-4528-BF8D-0BAC8B7EABE7}
	EndProjectSection
EndProject
Project("{9A19103F-16F7-4668-BE54-9A1E7A4F7556}") = "AbpClient.Blazor", "AbpClient.Blazor\AbpClient.Blazor.csproj", "{3A317437-ED70-4100-A6A7-E1B173618289}"
	ProjectSection(ProjectDependencies) = postProject
		{A85977AA-74E8-4B65-8D0B-E8C5EB1AD749} = {A85977AA-74E8-4B65-8D0B-E8C5EB1AD749}
	EndProjectSection
EndProject
Project("{9A19103F-16F7-4668-BE54-9A1E7A4F7556}") = "AbpClient.Common", "AbpClient.Common\AbpClient.Common.csproj", "{BF4D278A-E8DF-4B34-BE57-8F9E787146D8}"
EndProject
Project("{9A19103F-16F7-4668-BE54-9A1E7A4F7556}") = "AbpClient.Core", "AbpClient.Core\AbpClient.Core.csproj", "{B5C4E1EA-88B7-4528-BF8D-0BAC8B7EABE7}"
EndProject
Global
	GlobalSection(SolutionConfigurationPlatforms) = preSolution
		Debug|Any CPU = Debug|Any CPU
		Release|Any CPU = Release|Any CPU
	EndGlobalSection
	GlobalSection(ProjectConfigurationPlatforms) = postSolution
		{A85977AA-74E8-4B65-8D0B-E8C5EB1AD749}.Debug|Any CPU.ActiveCfg = Debug|Any CPU
		{A85977AA-74E8-4B65-8D0B-E8C5EB1AD749}.Debug|Any CPU.Build.0 = Debug|Any CPU
		{A85977AA-74E8-4B65-8D0B-E8C5EB1AD749}.Release|Any CPU.ActiveCfg = Release|Any CPU
		{A85977AA-74E8-4B65-8D0B-E8C5EB1AD749}.Release|Any CPU.Build.0 = Release|Any CPU
		{B871BC4C-48DD-48E7-86F5-58FEAF217130}.Debug|Any CPU.ActiveCfg = Debug|Any CPU
		{B871BC4C-48DD-48E7-86F5-58FEAF217130}.Debug|Any CPU.Build.0 = Debug|Any CPU
		{B871BC4C-48DD-48E7-86F5-58FEAF217130}.Release|Any CPU.ActiveCfg = Release|Any CPU
		{B871BC4C-48DD-48E7-86F5-58FEAF217130}.Release|Any CPU.Build.0 = Release|Any CPU
		{F4B53CE6-D312-4F3B-A3DB-3C5E1CB58FA4}.Debug|Any CPU.ActiveCfg = Debug|Any CPU
		{F4B53CE6-D312-4F3B-A3DB-3C5E1CB58FA4}.Debug|Any CPU.Build.0 = Debug|Any CPU
		{F4B53CE6-D312-4F3B-A3DB-3C5E1CB58FA4}.Release|Any CPU.ActiveCfg = Release|Any CPU
		{F4B53CE6-D312-4F3B-A3DB-3C5E1CB58FA4}.Release|Any CPU.Build.0 = Release|Any CPU
		{F35F3C52-C7B0-4D15-9CCA-CC6897BFAC2C}.Debug|Any CPU.ActiveCfg = Debug|Any CPU
		{F35F3C52-C7B0-4D15-9CCA-CC6897BFAC2C}.Debug|Any CPU.Build.0 = Debug|Any CPU
		{F35F3C52-C7B0-4D15-9CCA-CC6897BFAC2C}.Release|Any CPU.ActiveCfg = Release|Any CPU
		{F35F3C52-C7B0-4D15-9CCA-CC6897BFAC2C}.Release|Any CPU.Build.0 = Release|Any CPU
		{3A317437-ED70-4100-A6A7-E1B173618289}.Debug|Any CPU.ActiveCfg = Debug|Any CPU
		{3A317437-ED70-4100-A6A7-E1B173618289}.Debug|Any CPU.Build.0 = Debug|Any CPU
		{3A317437-ED70-4100-A6A7-E1B173618289}.Release|Any CPU.ActiveCfg = Release|Any CPU
		{3A317437-ED70-4100-A6A7-E1B173618289}.Release|Any CPU.Build.0 = Release|Any CPU
		{BF4D278A-E8DF-4B34-BE57-8F9E787146D8}.Debug|Any CPU.ActiveCfg = Debug|Any CPU
		{BF4D278A-E8DF-4B34-BE57-8F9E787146D8}.Debug|Any CPU.Build.0 = Debug|Any CPU
		{BF4D278A-E8DF-4B34-BE57-8F9E787146D8}.Release|Any CPU.ActiveCfg = Release|Any CPU
		{BF4D278A-E8DF-4B34-BE57-8F9E787146D8}.Release|Any CPU.Build.0 = Release|Any CPU
		{B5C4E1EA-88B7-4528-BF8D-0BAC8B7EABE7}.Debug|Any CPU.ActiveCfg = Debug|Any CPU
		{B5C4E1EA-88B7-4528-BF8D-0BAC8B7EABE7}.Debug|Any CPU.Build.0 = Debug|Any CPU
		{B5C4E1EA-88B7-4528-BF8D-0BAC8B7EABE7}.Release|Any CPU.ActiveCfg = Release|Any CPU
		{B5C4E1EA-88B7-4528-BF8D-0BAC8B7EABE7}.Release|Any CPU.Build.0 = Release|Any CPU
	EndGlobalSection
	GlobalSection(SolutionProperties) = preSolution
		HideSolutionNode = FALSE
	EndGlobalSection
	GlobalSection(ExtensibilityGlobals) = postSolution
		SolutionGuid = {77DF7D01-D3B9-4FFE-9283-689932D60708}
	EndGlobalSection
EndGlobal
